
Microsoft Visual Studio Solution File, Format Version 12.00
# Visual Studio Version 18
VisualStudioVersion = 18.2.11415.280 d18.0
MinimumVisualStudioVersion = 10.0.40219.1
Project("{FAE04EC0-301F-11D3-BF4B-00C04F79EFBC}") = "KostKompas", "KostKompas\KostKompas.csproj", "{8A01DC21-0740-410B-BE71-BAC0A89A91B6}"
EndProject
Project("{FAE04EC0-301F-11D3-BF4B-00C04F79EFBC}") = "KostKompasTest", "KostKompasTest\KostKompasTest.csproj", "{3DD6DE10-64B8-45BD-B670-7BDF41109EF8}"
EndProject
Global
	GlobalSection(SolutionConfigurationPlatforms) = preSolution
		Debug|Any CPU = Debug|Any CPU
		Release|Any CPU = Release|Any CPU
	EndGlobalSection
	GlobalSection(ProjectConfigurationPlatforms) = postSolution
		{8A01DC21-0740-410B-BE71-BAC0A89A91B6}.Debug|Any CPU.ActiveCfg = Debug|Any CPU
		{8A01DC21-0740-410B-BE71-BAC0A89A91B6}.Debug|Any CPU.Build.0 = Debug|Any CPU
		{8A01DC21-0740-410B-BE71-BAC0A89A91B6}.Release|Any CPU.ActiveCfg = Release|Any CPU
		{8A01DC21-0740-410B-BE71-BAC0A89A91B6}.Release|Any CPU.Build.0 = Release|Any CPU
		{3DD6DE10-64B8-45BD-B670-7BDF41109EF8}.Debug|Any CPU.ActiveCfg = Debug|Any CPU
		{3DD6DE10-64B8-45BD-B670-7BDF41109EF8}.Debug|Any CPU.Build.0 = Debug|Any CPU
		{3DD6DE10-64B8-45BD-B670-7BDF41109EF8}.Release|Any CPU.ActiveCfg = Release|Any CPU
		{3DD6DE10-64B8-45BD-B670-7BDF41109EF8}.Release|Any CPU.Build.0 = Release|Any CPU
	EndGlobalSection
	GlobalSection(SolutionProperties) = preSolution
		HideSolutionNode = FALSE
	EndGlobalSection
	GlobalSection(ExtensibilityGlobals) = postSolution
		SolutionGuid = {3FB9E2BA-16C1-40B3-B475-415B1AEDF253}
	EndGlobalSection
EndGlobal
